
Microsoft Visual Studio Solution File, Format Version 12.00
# Visual Studio Version 17
VisualStudioVersion = 17.4.33110.190
MinimumVisualStudioVersion = 10.0.40219.1
Project("{9A19103F-16F7-4668-BE54-9A1E7A4F7556}") = "rJson", "rJson.csproj", "{8EC7B5AC-DA8A-43F0-BD92-4118E3D46E8B}"
EndProject
Global
	GlobalSection(SolutionConfigurationPlatforms) = preSolution
		Debug|Any CPU = Debug|Any CPU
		Release|Any CPU = Release|Any CPU
	EndGlobalSection
	GlobalSection(ProjectConfigurationPlatforms) = postSolution
		{8EC7B5AC-DA8A-43F0-BD92-4118E3D46E8B}.Debug|Any CPU.ActiveCfg = Debug|Any CPU
		{8EC7B5AC-DA8A-43F0-BD92-4118E3D46E8B}.Debug|Any CPU.Build.0 = Debug|Any CPU
		{8EC7B5AC-DA8A-43F0-BD92-4118E3D46E8B}.Release|Any CPU.ActiveCfg = Release|Any CPU
		{8EC7B5AC-DA8A-43F0-BD92-4118E3D46E8B}.Release|Any CPU.Build.0 = Release|Any CPU
	EndGlobalSection
	GlobalSection(SolutionProperties) = preSolution
		HideSolutionNode = FALSE
	EndGlobalSection
	GlobalSection(ExtensibilityGlobals) = postSolution
		SolutionGuid = {8615BB5D-EA51-4629-AC56-752FFCF21FF1}
	EndGlobalSection
EndGlobal
